
Microsoft Visual Studio Solution File, Format Version 12.00
Project("{FAE04EC0-301F-11D3-BF4B-00C04F79EFBC}") = "jwt-test", "jwt-test\jwt-test.csproj", "{7C71516C-80D1-4739-918A-C175FE29001B}"
EndProject
Global
	GlobalSection(SolutionConfigurationPlatforms) = preSolution
		Debug|Any CPU = Debug|Any CPU
		Release|Any CPU = Release|Any CPU
	EndGlobalSection
	GlobalSection(ProjectConfigurationPlatforms) = postSolution
		{7C71516C-80D1-4739-918A-C175FE29001B}.Debug|Any CPU.ActiveCfg = Debug|Any CPU
		{7C71516C-80D1-4739-918A-C175FE29001B}.Debug|Any CPU.Build.0 = Debug|Any CPU
		{7C71516C-80D1-4739-918A-C175FE29001B}.Release|Any CPU.ActiveCfg = Release|Any CPU
		{7C71516C-80D1-4739-918A-C175FE29001B}.Release|Any CPU.Build.0 = Release|Any CPU
	EndGlobalSection
EndGlobal
